{
  "requires": true,
  "lockfileVersion": 1,
  "dependencies": {
    "sortablejs": {
      "version": "1.10.0-rc2",
      "resolved": "https://registry.npmjs.org/sortablejs/-/sortablejs-1.10.0-rc2.tgz",
      "integrity": "sha512-162MzYM7acfIAwWh3GpoLwEiB3dVChljDRNOcIlzLsIS2MOwgzv0iifiGuSG/M8AzqrkfubrX93uxm/x0SrWxw=="
    }
  }
}
